
Microsoft Visual Studio Solution File, Format Version 12.00
# Visual Studio Version 16
VisualStudioVersion = 16.0.30711.63
MinimumVisualStudioVersion = 10.0.40219.1
Project("{FAE04EC0-301F-11D3-BF4B-00C04F79EFBC}") = "ProducerMicroservice", "ProducerMicroservice\ProducerMicroservice.csproj", "{7BCAD018-99C2-45A6-BB2E-361776D43111}"
EndProject
Global
	GlobalSection(SolutionConfigurationPlatforms) = preSolution
		Debug|Any CPU = Debug|Any CPU
		Release|Any CPU = Release|Any CPU
	EndGlobalSection
	GlobalSection(ProjectConfigurationPlatforms) = postSolution
		{7BCAD018-99C2-45A6-BB2E-361776D43111}.Debug|Any CPU.ActiveCfg = Debug|Any CPU
		{7BCAD018-99C2-45A6-BB2E-361776D43111}.Debug|Any CPU.Build.0 = Debug|Any CPU
		{7BCAD018-99C2-45A6-BB2E-361776D43111}.Release|Any CPU.ActiveCfg = Release|Any CPU
		{7BCAD018-99C2-45A6-BB2E-361776D43111}.Release|Any CPU.Build.0 = Release|Any CPU
	EndGlobalSection
	GlobalSection(SolutionProperties) = preSolution
		HideSolutionNode = FALSE
	EndGlobalSection
	GlobalSection(ExtensibilityGlobals) = postSolution
		SolutionGuid = {5644AF98-E148-4BF1-A9EB-1E0D07C7BCA4}
	EndGlobalSection
EndGlobal
