
Microsoft Visual Studio Solution File, Format Version 12.00
# Visual Studio Version 16
VisualStudioVersion = 16.0.30711.63
MinimumVisualStudioVersion = 10.0.40219.1
Project("{9A19103F-16F7-4668-BE54-9A1E7A4F7556}") = "CardMicroservice", "CardMicroservice\CardMicroservice.csproj", "{A3C26A9F-F2D5-451A-BD38-C8B962256D23}"
EndProject
Project("{E53339B2-1760-4266-BCC7-CA923CBCF16C}") = "docker-compose", "docker-compose.dcproj", "{21BCD7F2-30B6-4579-9FBF-7B1281C060EB}"
EndProject
Global
	GlobalSection(SolutionConfigurationPlatforms) = preSolution
		Debug|Any CPU = Debug|Any CPU
		Release|Any CPU = Release|Any CPU
	EndGlobalSection
	GlobalSection(ProjectConfigurationPlatforms) = postSolution
		{A3C26A9F-F2D5-451A-BD38-C8B962256D23}.Debug|Any CPU.ActiveCfg = Debug|Any CPU
		{A3C26A9F-F2D5-451A-BD38-C8B962256D23}.Debug|Any CPU.Build.0 = Debug|Any CPU
		{A3C26A9F-F2D5-451A-BD38-C8B962256D23}.Release|Any CPU.ActiveCfg = Release|Any CPU
		{A3C26A9F-F2D5-451A-BD38-C8B962256D23}.Release|Any CPU.Build.0 = Release|Any CPU
		{21BCD7F2-30B6-4579-9FBF-7B1281C060EB}.Debug|Any CPU.ActiveCfg = Debug|Any CPU
		{21BCD7F2-30B6-4579-9FBF-7B1281C060EB}.Debug|Any CPU.Build.0 = Debug|Any CPU
		{21BCD7F2-30B6-4579-9FBF-7B1281C060EB}.Release|Any CPU.ActiveCfg = Release|Any CPU
		{21BCD7F2-30B6-4579-9FBF-7B1281C060EB}.Release|Any CPU.Build.0 = Release|Any CPU
	EndGlobalSection
	GlobalSection(SolutionProperties) = preSolution
		HideSolutionNode = FALSE
	EndGlobalSection
	GlobalSection(ExtensibilityGlobals) = postSolution
		SolutionGuid = {82609C26-0B6F-4DB1-9E53-E4C1C4E7B9CD}
	EndGlobalSection
EndGlobal
