
Microsoft Visual Studio Solution File, Format Version 12.00
# Visual Studio Version 16
VisualStudioVersion = 16.0.30711.63
MinimumVisualStudioVersion = 10.0.40219.1
Project("{FAE04EC0-301F-11D3-BF4B-00C04F79EFBC}") = "TransactionMicroservice", "TransactionMicroservice\TransactionMicroservice.csproj", "{98DD398E-70B8-43DE-87C7-C242BF425220}"
EndProject
Global
	GlobalSection(SolutionConfigurationPlatforms) = preSolution
		Debug|Any CPU = Debug|Any CPU
		Release|Any CPU = Release|Any CPU
	EndGlobalSection
	GlobalSection(ProjectConfigurationPlatforms) = postSolution
		{98DD398E-70B8-43DE-87C7-C242BF425220}.Debug|Any CPU.ActiveCfg = Debug|Any CPU
		{98DD398E-70B8-43DE-87C7-C242BF425220}.Debug|Any CPU.Build.0 = Debug|Any CPU
		{98DD398E-70B8-43DE-87C7-C242BF425220}.Release|Any CPU.ActiveCfg = Release|Any CPU
		{98DD398E-70B8-43DE-87C7-C242BF425220}.Release|Any CPU.Build.0 = Release|Any CPU
	EndGlobalSection
	GlobalSection(SolutionProperties) = preSolution
		HideSolutionNode = FALSE
	EndGlobalSection
	GlobalSection(ExtensibilityGlobals) = postSolution
		SolutionGuid = {A629A9D7-7780-4EBF-B22F-7D1A4FFC022A}
	EndGlobalSection
EndGlobal
